
Microsoft Visual Studio Solution File, Format Version 12.00
# Visual Studio Version 17
VisualStudioVersion = 17.13.35931.197
MinimumVisualStudioVersion = 10.0.40219.1
Project("{FAE04EC0-301F-11D3-BF4B-00C04F79EFBC}") = "okanweb", "okanweb\okanweb.csproj", "{2179A7B6-6ADC-4E8D-882A-07D61A9CFD5B}"
EndProject
Global
	GlobalSection(SolutionConfigurationPlatforms) = preSolution
		Debug|Any CPU = Debug|Any CPU
		Release|Any CPU = Release|Any CPU
	EndGlobalSection
	GlobalSection(ProjectConfigurationPlatforms) = postSolution
		{2179A7B6-6ADC-4E8D-882A-07D61A9CFD5B}.Debug|Any CPU.ActiveCfg = Debug|Any CPU
		{2179A7B6-6ADC-4E8D-882A-07D61A9CFD5B}.Debug|Any CPU.Build.0 = Debug|Any CPU
		{2179A7B6-6ADC-4E8D-882A-07D61A9CFD5B}.Release|Any CPU.ActiveCfg = Release|Any CPU
		{2179A7B6-6ADC-4E8D-882A-07D61A9CFD5B}.Release|Any CPU.Build.0 = Release|Any CPU
	EndGlobalSection
	GlobalSection(SolutionProperties) = preSolution
		HideSolutionNode = FALSE
	EndGlobalSection
	GlobalSection(ExtensibilityGlobals) = postSolution
		SolutionGuid = {5D630A0D-3422-4532-A904-17F4D0F3C33A}
	EndGlobalSection
EndGlobal
